<?xml version="1.0" encoding="utf-8"?>
<Project ToolsVersion="4.0" xmlns="http://schemas.microsoft.com/developer/msbuild/2003">
  <ItemGroup>
    <Filter Include="Source Files">
      <UniqueIdentifier>{4FC737F1-C7A5-4376-A066-2A32D752A2FF}</UniqueIdentifier>
      <Extensions>cpp;c;cc;cxx;c++;cppm;ixx;def;odl;idl;hpj;bat;asm;asmx</Extensions>
    </Filter>
    <Filter Include="Header Files">
      <UniqueIdentifier>{93995380-89BD-4b04-88EB-625FBE52EBFB}</UniqueIdentifier>
      <Extensions>h;hh;hpp;hxx;h++;hm;inl;inc;ipp;xsd</Extensions>
    </Filter>
    <Filter Include="Resource Files">
      <UniqueIdentifier>{67DA6AB6-F800-4c08-8B7A-83BB121AAD01}</UniqueIdentifier>
      <Extensions>rc;ico;cur;bmp;dlg;rc2;rct;bin;rgs;gif;jpg;jpeg;jpe;resx;tiff;tif;png;wav;mfcribbon-ms</Extensions>
    </Filter>
  </ItemGroup>
  <ItemGroup>
    <ClCompile Include="src\main.cpp">
      <Filter>Source Files</Filter>
    </ClCompile>
    <ClCompile Include="src\DFactory\WndMgr\CException.cpp">
      <Filter>Source Files</Filter>
    </ClCompile>
    <ClCompile Include="src\DFactory\WndMgr\CKbd.cpp">
      <Filter>Source Files</Filter>
    </ClCompile>
    <ClCompile Include="src\DFactory\WndMgr\CKbd_Event.cpp">
      <Filter>Source Files</Filter>
    </ClCompile>
    <ClCompile Include="src\DFactory\WndMgr\CMouse.cpp">
      <Filter>Source Files</Filter>
    </ClCompile>
    <ClCompile Include="src\DFactory\WndMgr\CMouse_Event.cpp">
      <Filter>Source Files</Filter>
    </ClCompile>
    <ClCompile Include="src\DFactory\WndMgr\WndMgr.cpp">
      <Filter>Source Files</Filter>
    </ClCompile>
    <ClCompile Include="src\DFactory\WndMgr\WndMgr_Except.cpp">
      <Filter>Source Files</Filter>
    </ClCompile>
    <ClCompile Include="src\DFactory\WndMgr\WndMgr_Msg.cpp">
      <Filter>Source Files</Filter>
    </ClCompile>
    <ClCompile Include="src\DFactory\WndMgr\WndMgr_WndClass.cpp">
      <Filter>Source Files</Filter>
    </ClCompile>
    <ClCompile Include="src\pch.cpp">
      <Filter>Source Files</Filter>
    </ClCompile>
    <ClCompile Include="src\DFactory\D3DMgr\D3DMgr.cpp">
      <Filter>Source Files</Filter>
    </ClCompile>
    <ClCompile Include="src\DFactory\D3DMgr\dxerr\dxerr.cpp">
      <Filter>Source Files</Filter>
    </ClCompile>
    <ClCompile Include="src\DFactory\D3DMgr\D3DMgr_Except.cpp">
      <Filter>Source Files</Filter>
    </ClCompile>
    <ClCompile Include="src\DFactory\Util\CDXGIDebug.cpp">
      <Filter>Source Files</Filter>
    </ClCompile>
    <ClCompile Include="src\DFMain.cpp">
      <Filter>Source Files</Filter>
    </ClCompile>
    <ClCompile Include="src\DFactory\D3DMgr\IBind\Bind_Topology.cpp">
      <Filter>Source Files</Filter>
    </ClCompile>
    <ClCompile Include="src\DFactory\D3DMgr\IBind\IBind.cpp">
      <Filter>Source Files</Filter>
    </ClCompile>
    <ClCompile Include="src\DFactory\D3DMgr\IBind\Bind_IndexBuffer.cpp">
      <Filter>Source Files</Filter>
    </ClCompile>
    <ClCompile Include="src\DFactory\D3DMgr\IBind\Bind_InputLayout.cpp">
      <Filter>Source Files</Filter>
    </ClCompile>
    <ClCompile Include="src\DFactory\D3DMgr\IBind\Bind_PixelShader.cpp">
      <Filter>Source Files</Filter>
    </ClCompile>
    <ClCompile Include="src\DFactory\D3DMgr\IBind\Bind_VertexShader.cpp">
      <Filter>Source Files</Filter>
    </ClCompile>
    <ClCompile Include="src\DFactory\D3DMgr\Meshes\MeshCore.cpp">
      <Filter>Source Files</Filter>
    </ClCompile>
    <ClCompile Include="src\DFactory\D3DMgr\Meshes\MeshCube.cpp">
      <Filter>Source Files</Filter>
    </ClCompile>
    <ClCompile Include="src\DFactory\D3DMgr\IBind\Bind_TransformConstBuffer.cpp">
      <Filter>Source Files</Filter>
    </ClCompile>
    <ClCompile Include="src\DFactory\D3DMgr\Meshes\MeshSphere.cpp">
      <Filter>Source Files</Filter>
    </ClCompile>
    <ClCompile Include="src\DFactory\D3DMgr\Meshes\MeshPlane.cpp">
      <Filter>Source Files</Filter>
    </ClCompile>
    <ClCompile Include="src\DFactory\D3DMgr\Meshes\MeshCore_Transform.cpp">
      <Filter>Source Files</Filter>
    </ClCompile>
    <ClCompile Include="src\DFactory\DFactory_Core.cpp">
      <Filter>Source Files</Filter>
    </ClCompile>
    <ClCompile Include="src\DFactory\D3DMgr\IBind\Bind_Texture.cpp">
      <Filter>Source Files</Filter>
    </ClCompile>
    <ClCompile Include="src\DFactory\D3DMgr\IBind\Bind_Sampler.cpp">
      <Filter>Source Files</Filter>
    </ClCompile>
    <ClCompile Include="src\imgui\imgui.cpp">
      <Filter>Source Files</Filter>
    </ClCompile>
    <ClCompile Include="src\imgui\imgui_demo.cpp">
      <Filter>Source Files</Filter>
    </ClCompile>
    <ClCompile Include="src\imgui\imgui_draw.cpp">
      <Filter>Source Files</Filter>
    </ClCompile>
    <ClCompile Include="src\imgui\imgui_impl_dx11.cpp">
      <Filter>Source Files</Filter>
    </ClCompile>
    <ClCompile Include="src\imgui\imgui_impl_win32.cpp">
      <Filter>Source Files</Filter>
    </ClCompile>
    <ClCompile Include="src\imgui\imgui_tables.cpp">
      <Filter>Source Files</Filter>
    </ClCompile>
    <ClCompile Include="src\imgui\imgui_widgets.cpp">
      <Filter>Source Files</Filter>
    </ClCompile>
    <ClCompile Include="src\DFactory\DFactory_Camera.cpp">
      <Filter>Source Files</Filter>
    </ClCompile>
    <ClCompile Include="src\DFactory\D3DMgr\Cameras\CCamera.cpp">
      <Filter>Source Files</Filter>
    </ClCompile>
    <ClCompile Include="src\DFactory\D3DMgr\Lights\LightMgr.cpp">
      <Filter>Source Files</Filter>
    </ClCompile>
    <ClCompile Include="src\DFactory\DFactory_Proc.cpp">
      <Filter>Source Files</Filter>
    </ClCompile>
    <ClCompile Include="src\DFactory\Util\imGuiMgr.cpp">
      <Filter>Source Files</Filter>
    </ClCompile>
    <ClCompile Include="src\DFactory\D3DMgr\Meshes\MeshPointLight.cpp">
      <Filter>Source Files</Filter>
    </ClCompile>
    <ClCompile Include="src\DFactory\DFMaterial.cpp">
      <Filter>Source Files</Filter>
    </ClCompile>
    <ClCompile Include="src\DFactory\D3DMgr\Lights\LightMgr_PL.cpp">
      <Filter>Source Files</Filter>
    </ClCompile>
    <ClCompile Include="src\DFactory\D3DMgr\Meshes\MeshImport.cpp">
      <Filter>Source Files</Filter>
    </ClCompile>
    <ClCompile Include="src\DFactory\DFModelMgr.cpp">
      <Filter>Source Files</Filter>
    </ClCompile>
    <ClCompile Include="src\DFactory\DFModelMgr_Transform.cpp">
      <Filter>Source Files</Filter>
    </ClCompile>
    <ClCompile Include="src\DFactory\DFModelMgr_Node.cpp">
      <Filter>Source Files</Filter>
    </ClCompile>
    <ClCompile Include="src\DFactory\DFModelMgr_Import.cpp">
      <Filter>Source Files</Filter>
    </ClCompile>
    <ClCompile Include="src\DFactory\Util\DDSTextureLoader11.cpp">
      <Filter>Source Files</Filter>
    </ClCompile>
    <ClCompile Include="src\DFactory\Common\DF_A.cpp">
      <Filter>Source Files</Filter>
    </ClCompile>
    <ClCompile Include="src\DFactory\DFMaterial_Texture.cpp">
      <Filter>Source Files</Filter>
    </ClCompile>
    <ClCompile Include="src\DFactory\D3DMgr\D3DMgr_RT.cpp">
      <Filter>Source Files</Filter>
    </ClCompile>
    <ClCompile Include="src\DFactory\D3DMgr\RenderSurface.cpp">
      <Filter>Source Files</Filter>
    </ClCompile>
    <ClCompile Include="src\DFactory\RenderGraph\RTechnique.cpp">
      <Filter>Source Files</Filter>
    </ClCompile>
    <ClCompile Include="src\DFactory\RenderGraph\RenderGraph.cpp">
      <Filter>Source Files</Filter>
    </ClCompile>
    <ClCompile Include="src\DFactory\D3DMgr\D3DMgr_Stencil.cpp">
      <Filter>Source Files</Filter>
    </ClCompile>
    <ClCompile Include="src\DFactory\D3DMgr\D3DMgr_Surface.cpp">
      <Filter>Source Files</Filter>
    </ClCompile>
    <ClCompile Include="src\DFactory\D3DMgr\Lights\LightMgr_DL.cpp">
      <Filter>Source Files</Filter>
    </ClCompile>
    <ClCompile Include="src\DFactory\Common\DF_Const.cpp">
      <Filter>Source Files</Filter>
    </ClCompile>
    <ClCompile Include="src\DFactory\D3DMgr\IBind\Bind_Rasterizer.cpp">
      <Filter>Source Files</Filter>
    </ClCompile>
    <ClCompile Include="src\DFactory\D3DMgr\Math\CFrustum.cpp">
      <Filter>Source Files</Filter>
    </ClCompile>
    <ClCompile Include="src\DFactory\DFactory_UI.cpp">
      <Filter>Source Files</Filter>
    </ClCompile>
    <ClCompile Include="src\DFactory\DFModelMgr_UI.cpp">
      <Filter>Source Files</Filter>
    </ClCompile>
    <ClCompile Include="src\DFactory\DFModelMgr_Model.cpp">
      <Filter>Source Files</Filter>
    </ClCompile>
    <ClCompile Include="src\DFactory\D3DMgr\Meshes\MeshAABB.cpp">
      <Filter>Source Files</Filter>
    </ClCompile>
    <ClCompile Include="src\DFactory\D3DMgr\Meshes\MeshCore_Query.cpp">
      <Filter>Source Files</Filter>
    </ClCompile>
    <ClCompile Include="src\DFactory\D3DMgr\IBind\Bind_GeometryShader.cpp">
      <Filter>Source Files</Filter>
    </ClCompile>
    <ClCompile Include="src\DFactory\D3DMgr\Meshes\MeshPoint.cpp">
      <Filter>Source Files</Filter>
    </ClCompile>
    <ClCompile Include="src\DFactory\Util\GPUConstBuffer.cpp">
      <Filter>Source Files</Filter>
    </ClCompile>
    <ClCompile Include="src\DFactory\RenderGraph\RenderGraph_Pass.cpp">
      <Filter>Source Files</Filter>
    </ClCompile>
    <ClCompile Include="src\DFactory\Util\Util.cpp">
      <Filter>Source Files</Filter>
    </ClCompile>
    <ClCompile Include="src\DFactory\DFMaterial_Shader.cpp">
      <Filter>Source Files</Filter>
    </ClCompile>
  </ItemGroup>
  <ItemGroup>
    <ClInclude Include="src\DFactory\WndMgr\CException.h">
      <Filter>Header Files</Filter>
    </ClInclude>
    <ClInclude Include="src\DFactory\WndMgr\CKbd.h">
      <Filter>Header Files</Filter>
    </ClInclude>
    <ClInclude Include="src\DFactory\WndMgr\CMouse.h">
      <Filter>Header Files</Filter>
    </ClInclude>
    <ClInclude Include="src\DFactory\WndMgr\WndMgr.h">
      <Filter>Header Files</Filter>
    </ClInclude>
    <ClInclude Include="src\DF_Settings.h">
      <Filter>Header Files</Filter>
    </ClInclude>
    <ClInclude Include="src\DF_Includes.h">
      <Filter>Header Files</Filter>
    </ClInclude>
    <ClInclude Include="src\resource.h">
      <Filter>Header Files</Filter>
    </ClInclude>
    <ClInclude Include="src\pch.h">
      <Filter>Header Files</Filter>
    </ClInclude>
    <ClInclude Include="src\DFactory\D3DMgr\D3DMgr.h">
      <Filter>Header Files</Filter>
    </ClInclude>
    <ClInclude Include="src\CApp.h">
      <Filter>Header Files</Filter>
    </ClInclude>
    <ClInclude Include="src\DFactory\D3DMgr\dxerr\dxerr.h">
      <Filter>Header Files</Filter>
    </ClInclude>
    <ClInclude Include="src\DFactory\Util\CDXGIDebug.h">
      <Filter>Header Files</Filter>
    </ClInclude>
    <ClInclude Include="resource.h">
      <Filter>Header Files</Filter>
    </ClInclude>
    <ClInclude Include="src\DFactory\Common\DF_Math.h">
      <Filter>Header Files</Filter>
    </ClInclude>
    <ClInclude Include="src\DFactory\D3DMgr\D3DMgr_Def.h">
      <Filter>Header Files</Filter>
    </ClInclude>
    <ClInclude Include="src\DFMain.h">
      <Filter>Source Files</Filter>
    </ClInclude>
    <ClInclude Include="src\DFactory\D3DMgr\IBind\IBind.h">
      <Filter>Header Files</Filter>
    </ClInclude>
    <ClInclude Include="src\DFactory\D3DMgr\IBind\Bind_Topology.h">
      <Filter>Header Files</Filter>
    </ClInclude>
    <ClInclude Include="src\DFactory\D3DMgr\IBind\Bind_IndexBuffer.h">
      <Filter>Header Files</Filter>
    </ClInclude>
    <ClInclude Include="src\DFactory\D3DMgr\IBind\Bind_InputLayout.h">
      <Filter>Header Files</Filter>
    </ClInclude>
    <ClInclude Include="src\DFactory\D3DMgr\IBind\Bind_VertexBuffer.h">
      <Filter>Header Files</Filter>
    </ClInclude>
    <ClInclude Include="src\DFactory\D3DMgr\IBind\Bind_ConstBuffer.h">
      <Filter>Header Files</Filter>
    </ClInclude>
    <ClInclude Include="src\DFactory\D3DMgr\IBind\Bind_PixelShader.h">
      <Filter>Header Files</Filter>
    </ClInclude>
    <ClInclude Include="src\DFactory\D3DMgr\IBind\Bind_VertexShader.h">
      <Filter>Header Files</Filter>
    </ClInclude>
    <ClInclude Include="src\DFactory\D3DMgr\Meshes\MeshCore.h">
      <Filter>Header Files</Filter>
    </ClInclude>
    <ClInclude Include="src\DFactory\D3DMgr\Meshes\MeshCube.h">
      <Filter>Header Files</Filter>
    </ClInclude>
    <ClInclude Include="src\DFactory\D3DMgr\IBind\Bind_TransformConstBuffer.h">
      <Filter>Header Files</Filter>
    </ClInclude>
    <ClInclude Include="src\DFactory\D3DMgr\Meshes\MeshBase.h">
      <Filter>Header Files</Filter>
    </ClInclude>
    <ClInclude Include="src\DFactory\D3DMgr\Primitives\CTriangleIndex.h">
      <Filter>Header Files</Filter>
    </ClInclude>
    <ClInclude Include="src\DFactory\D3DMgr\Primitives\CCube.h">
      <Filter>Header Files</Filter>
    </ClInclude>
    <ClInclude Include="src\DFactory\D3DMgr\Primitives\CSphere.h">
      <Filter>Header Files</Filter>
    </ClInclude>
    <ClInclude Include="src\DFactory\D3DMgr\Meshes\MeshSphere.h">
      <Filter>Header Files</Filter>
    </ClInclude>
    <ClInclude Include="src\DFactory\D3DMgr\Primitives\CPlane.h">
      <Filter>Header Files</Filter>
    </ClInclude>
    <ClInclude Include="src\DFactory\D3DMgr\Meshes\MeshPlane.h">
      <Filter>Header Files</Filter>
    </ClInclude>
    <ClInclude Include="src\DFactory\D3DMgr\Meshes\Mesh_Includes.h">
      <Filter>Header Files</Filter>
    </ClInclude>
    <ClInclude Include="src\DFactory\DFactory.h">
      <Filter>Header Files</Filter>
    </ClInclude>
    <ClInclude Include="src\DFactory\D3DMgr\IBind\Bind_Texture.h">
      <Filter>Header Files</Filter>
    </ClInclude>
    <ClInclude Include="src\DFactory\D3DMgr\IBind\Bind_Sampler.h">
      <Filter>Header Files</Filter>
    </ClInclude>
    <ClInclude Include="src\DFactory\D3DMgr\IBind\Bind_Includes.h">
      <Filter>Header Files</Filter>
    </ClInclude>
    <ClInclude Include="src\imgui\imconfig.h">
      <Filter>Header Files</Filter>
    </ClInclude>
    <ClInclude Include="src\imgui\imgui.h">
      <Filter>Header Files</Filter>
    </ClInclude>
    <ClInclude Include="src\imgui\imgui_impl_dx11.h">
      <Filter>Header Files</Filter>
    </ClInclude>
    <ClInclude Include="src\imgui\imgui_impl_win32.h">
      <Filter>Header Files</Filter>
    </ClInclude>
    <ClInclude Include="src\imgui\imgui_internal.h">
      <Filter>Header Files</Filter>
    </ClInclude>
    <ClInclude Include="src\imgui\imstb_rectpack.h">
      <Filter>Header Files</Filter>
    </ClInclude>
    <ClInclude Include="src\imgui\imstb_textedit.h">
      <Filter>Header Files</Filter>
    </ClInclude>
    <ClInclude Include="src\imgui\imstb_truetype.h">
      <Filter>Header Files</Filter>
    </ClInclude>
    <ClInclude Include="src\DFactory\Util\imGuiMgr.h">
      <Filter>Header Files</Filter>
    </ClInclude>
    <ClInclude Include="src\DFactory\D3DMgr\Cameras\CCamera.h">
      <Filter>Header Files</Filter>
    </ClInclude>
    <ClInclude Include="src\DFactory\D3DMgr\Lights\LightMgr.h">
      <Filter>Header Files</Filter>
    </ClInclude>
    <ClInclude Include="src\DFactory\D3DMgr\Meshes\MeshPointLight.h">
      <Filter>Header Files</Filter>
    </ClInclude>
    <ClInclude Include="src\DFactory\DFMaterial.h">
      <Filter>Header Files</Filter>
    </ClInclude>
    <ClInclude Include="src\DFactory\Util\Util.h">
      <Filter>Header Files</Filter>
    </ClInclude>
    <ClInclude Include="src\DFactory\DFModelMgr.h">
      <Filter>Header Files</Filter>
    </ClInclude>
    <ClInclude Include="src\DFactory\D3DMgr\Meshes\MeshImport.h">
      <Filter>Header Files</Filter>
    </ClInclude>
    <ClInclude Include="src\DFactory\Common\DF_Const.h">
      <Filter>Header Files</Filter>
    </ClInclude>
    <ClInclude Include="src\DFactory\Util\DDSTextureLoader11.h">
      <Filter>Header Files</Filter>
    </ClInclude>
    <ClInclude Include="src\DFactory\Common\DF_A.h">
      <Filter>Header Files</Filter>
    </ClInclude>
    <ClInclude Include="src\DFactory\D3DMgr\RenderSurface.h">
      <Filter>Header Files</Filter>
    </ClInclude>
    <ClInclude Include="src\DFactory\D3DMgr\IBind\Bind_Stencil.h">
      <Filter>Header Files</Filter>
    </ClInclude>
    <ClInclude Include="src\DFactory\RenderGraph\RenderGraph.h">
      <Filter>Header Files</Filter>
    </ClInclude>
    <ClInclude Include="src\DFactory\RenderGraph\RTechnique.h">
      <Filter>Header Files</Filter>
    </ClInclude>
    <ClInclude Include="src\DFactory\D3DMgr\IBind\Bind_Null.h">
      <Filter>Header Files</Filter>
    </ClInclude>
    <ClInclude Include="src\DFactory\D3DMgr\IBind\Bind_Rasterizer.h">
      <Filter>Header Files</Filter>
    </ClInclude>
    <ClInclude Include="src\DFactory\D3DMgr\Math\CFrustum.h">
      <Filter>Header Files</Filter>
    </ClInclude>
    <ClInclude Include="src\DFactory\D3DMgr\Meshes\MeshAABB.h">
      <Filter>Header Files</Filter>
    </ClInclude>
    <ClInclude Include="src\DFactory\D3DMgr\IBind\Bind_GeometryShader.h">
      <Filter>Header Files</Filter>
    </ClInclude>
    <ClInclude Include="src\DFactory\D3DMgr\Meshes\MeshPoint.h">
      <Filter>Header Files</Filter>
    </ClInclude>
    <ClInclude Include="src\DFactory\Util\GPUConstBuffer.h">
      <Filter>Header Files</Filter>
    </ClInclude>
  </ItemGroup>
  <ItemGroup>
    <Image Include="res\c-logo-icon.ico">
      <Filter>Resource Files</Filter>
    </Image>
  </ItemGroup>
  <ItemGroup>
    <None Include="src\DFactory\D3DMgr\dxerr\DXGetErrorDescription.inl">
      <Filter>Header Files</Filter>
    </None>
    <None Include="src\DFactory\D3DMgr\dxerr\DXGetErrorString.inl">
      <Filter>Header Files</Filter>
    </None>
    <None Include="src\DFactory\D3DMgr\dxerr\DXTrace.inl">
      <Filter>Header Files</Filter>
    </None>
    <None Include="shaders\include\HPS_PBS_Func.hlsli" />
    <None Include="shaders\include\HVS_Transform.hlsli" />
    <None Include="shaders\include\HPS_PBS_H.hlsli" />
  </ItemGroup>
  <ItemGroup>
    <ResourceCompile Include="D3DProj.rc">
      <Filter>Resource Files</Filter>
    </ResourceCompile>
  </ItemGroup>
  <ItemGroup>
    <FxCompile Include="shaders\VS_Default.hlsl" />
    <FxCompile Include="shaders\PS_Default.hlsl" />
    <FxCompile Include="shaders\VS_FlatTexture.hlsl" />
    <FxCompile Include="shaders\PS_FlatTexture.hlsl" />
    <FxCompile Include="shaders\PS_Atmosphere.hlsl" />
    <FxCompile Include="shaders\VS_Atmosphere.hlsl" />
    <FxCompile Include="shaders\PS_Standard_L.hlsl" />
    <FxCompile Include="shaders\VS_Standard_L.hlsl" />
    <FxCompile Include="shaders\PS_Standard.hlsl" />
    <FxCompile Include="shaders\VS_Standard.hlsl" />
    <FxCompile Include="shaders\PS_PBS.hlsl" />
    <FxCompile Include="shaders\VS_PBS.hlsl" />
    <FxCompile Include="shaders\PS_PBS_NoHDR.hlsl" />
    <FxCompile Include="shaders\VS_BasicRTT.hlsl" />
    <FxCompile Include="shaders\PS_BasicRTT.hlsl" />
    <FxCompile Include="shaders\surface\PS_Surface.hlsl" />
    <FxCompile Include="shaders\surface\VS_Surface.hlsl" />
    <FxCompile Include="shaders\surface\PS_Surface_Blur32.hlsl" />
    <FxCompile Include="shaders\surface\PS_Surface_Blur8.hlsl" />
    <FxCompile Include="shaders\PS_Outline_s2.hlsl" />
    <FxCompile Include="shaders\VS_Outline_s2.hlsl" />
    <FxCompile Include="shaders\VS_Shadow.hlsl" />
    <FxCompile Include="shaders\PS_PBS_Shadow.hlsl" />
    <FxCompile Include="shaders\surface\PS_SurfaceDepth.hlsl" />
    <FxCompile Include="shaders\PS_Shadow.hlsl" />
    <FxCompile Include="shaders\VS_PBS_Shadow.hlsl" />
    <FxCompile Include="shaders\PS_PBS_NoHDR_L.hlsl" />
    <FxCompile Include="shaders\VS_BB_Flat.hlsl" />
    <FxCompile Include="shaders\PS_BB_FlatBlend.hlsl" />
    <FxCompile Include="shaders\VS_Wireframe.hlsl" />
    <FxCompile Include="shaders\PS_Wireframe.hlsl" />
    <FxCompile Include="shaders\VS_Default_OT.hlsl" />
    <FxCompile Include="shaders\surface\PS_Surface_LensEffect.hlsl" />
    <FxCompile Include="shaders\VS_PtSprite.hlsl" />
    <FxCompile Include="shaders\VS_QuadFlare.hlsl" />
    <FxCompile Include="shaders\PS_QuadFlare.hlsl" />
    <FxCompile Include="shaders\PS_PtSprite.hlsl" />
    <FxCompile Include="shaders\GS_PtSprite.hlsl" />
    <FxCompile Include="shaders\GS_QuadFlare.hlsl" />
    <FxCompile Include="shaders\surface\PS_Surface_BlurGauss.hlsl" />
    <FxCompile Include="shaders\surface\PS_Surface_BlurBox.hlsl" />
    <FxCompile Include="shaders\surface\PS_Surface_HiPass.hlsl" />
    <FxCompile Include="shaders\surface\PS_Surface_Mix.hlsl" />
    <FxCompile Include="shaders\surface\PS_Surface_MixDepth.hlsl" />
    <FxCompile Include="shaders\surface\PS_Surface_MixAdditive.hlsl" />
  </ItemGroup>
</Project>